
Microsoft Visual Studio Solution File, Format Version 12.00
# Visual Studio Version 17
VisualStudioVersion = 17.13.35806.99
MinimumVisualStudioVersion = 10.0.40219.1
Project("{FAE04EC0-301F-11D3-BF4B-00C04F79EFBC}") = "ConceptosBasicos", "ConceptosBasicos\ConceptosBasicos.csproj", "{B6FE659A-5347-4AFE-8BCD-13D6E45C9BF9}"
EndProject
Project("{FAE04EC0-301F-11D3-BF4B-00C04F79EFBC}") = "Algoritmos", "Algoritmos\Algoritmos.csproj", "{094CA3DF-89F5-4A4A-831E-A4B2494E9B6D}"
EndProject
Project("{FAE04EC0-301F-11D3-BF4B-00C04F79EFBC}") = "ACMEModeladoDatos", "ACMEModeladoDatos\ACMEModeladoDatos.csproj", "{5844CF3B-2BA8-4CD0-A474-A4817D0532D4}"
EndProject
Global
	GlobalSection(SolutionConfigurationPlatforms) = preSolution
		Debug|Any CPU = Debug|Any CPU
		Release|Any CPU = Release|Any CPU
	EndGlobalSection
	GlobalSection(ProjectConfigurationPlatforms) = postSolution
		{B6FE659A-5347-4AFE-8BCD-13D6E45C9BF9}.Debug|Any CPU.ActiveCfg = Debug|Any CPU
		{B6FE659A-5347-4AFE-8BCD-13D6E45C9BF9}.Debug|Any CPU.Build.0 = Debug|Any CPU
		{B6FE659A-5347-4AFE-8BCD-13D6E45C9BF9}.Release|Any CPU.ActiveCfg = Release|Any CPU
		{B6FE659A-5347-4AFE-8BCD-13D6E45C9BF9}.Release|Any CPU.Build.0 = Release|Any CPU
		{094CA3DF-89F5-4A4A-831E-A4B2494E9B6D}.Debug|Any CPU.ActiveCfg = Debug|Any CPU
		{094CA3DF-89F5-4A4A-831E-A4B2494E9B6D}.Debug|Any CPU.Build.0 = Debug|Any CPU
		{094CA3DF-89F5-4A4A-831E-A4B2494E9B6D}.Release|Any CPU.ActiveCfg = Release|Any CPU
		{094CA3DF-89F5-4A4A-831E-A4B2494E9B6D}.Release|Any CPU.Build.0 = Release|Any CPU
		{5844CF3B-2BA8-4CD0-A474-A4817D0532D4}.Debug|Any CPU.ActiveCfg = Debug|Any CPU
		{5844CF3B-2BA8-4CD0-A474-A4817D0532D4}.Debug|Any CPU.Build.0 = Debug|Any CPU
		{5844CF3B-2BA8-4CD0-A474-A4817D0532D4}.Release|Any CPU.ActiveCfg = Release|Any CPU
		{5844CF3B-2BA8-4CD0-A474-A4817D0532D4}.Release|Any CPU.Build.0 = Release|Any CPU
	EndGlobalSection
	GlobalSection(SolutionProperties) = preSolution
		HideSolutionNode = FALSE
	EndGlobalSection
	GlobalSection(ExtensibilityGlobals) = postSolution
		SolutionGuid = {335DF9CF-FA85-4CC4-977A-25F617B4B56C}
	EndGlobalSection
EndGlobal
